
Microsoft Visual Studio Solution File, Format Version 12.00
# Visual Studio Version 16
VisualStudioVersion = 16.0.30309.148
MinimumVisualStudioVersion = 10.0.40219.1
Project("{FAE04EC0-301F-11D3-BF4B-00C04F79EFBC}") = "BookListRazor", "BookListRazor\BookListRazor.csproj", "{5654DB8D-9234-4243-88EE-1B23E0E30E09}"
EndProject
Global
	GlobalSection(SolutionConfigurationPlatforms) = preSolution
		Debug|Any CPU = Debug|Any CPU
		Release|Any CPU = Release|Any CPU
	EndGlobalSection
	GlobalSection(ProjectConfigurationPlatforms) = postSolution
		{5654DB8D-9234-4243-88EE-1B23E0E30E09}.Debug|Any CPU.ActiveCfg = Debug|Any CPU
		{5654DB8D-9234-4243-88EE-1B23E0E30E09}.Debug|Any CPU.Build.0 = Debug|Any CPU
		{5654DB8D-9234-4243-88EE-1B23E0E30E09}.Release|Any CPU.ActiveCfg = Release|Any CPU
		{5654DB8D-9234-4243-88EE-1B23E0E30E09}.Release|Any CPU.Build.0 = Release|Any CPU
	EndGlobalSection
	GlobalSection(SolutionProperties) = preSolution
		HideSolutionNode = FALSE
	EndGlobalSection
	GlobalSection(ExtensibilityGlobals) = postSolution
		SolutionGuid = {C138B421-5D1C-4D1C-83DC-276CB59C09CD}
	EndGlobalSection
EndGlobal
